
Microsoft Visual Studio Solution File, Format Version 12.00
# Visual Studio Version 17
VisualStudioVersion = 17.4.33213.308
MinimumVisualStudioVersion = 10.0.40219.1
Project("{FAE04EC0-301F-11D3-BF4B-00C04F79EFBC}") = "Pruebas.Android", "Pruebas\Pruebas.Android\Pruebas.Android.csproj", "{80464159-D9B4-41CE-953E-1AD8F36E6B4D}"
EndProject
Project("{FAE04EC0-301F-11D3-BF4B-00C04F79EFBC}") = "Pruebas.iOS", "Pruebas\Pruebas.iOS\Pruebas.iOS.csproj", "{D0283898-9013-4FD3-AD46-DE993CE5224C}"
EndProject
Project("{FAE04EC0-301F-11D3-BF4B-00C04F79EFBC}") = "Pruebas", "Pruebas\Pruebas\Pruebas.csproj", "{AE3A52C1-07D5-4D8E-A831-FD6A73266F85}"
EndProject
Global
	GlobalSection(SolutionConfigurationPlatforms) = preSolution
		Debug|Any CPU = Debug|Any CPU
		Debug|iPhone = Debug|iPhone
		Debug|iPhoneSimulator = Debug|iPhoneSimulator
		Release|Any CPU = Release|Any CPU
		Release|iPhone = Release|iPhone
		Release|iPhoneSimulator = Release|iPhoneSimulator
	EndGlobalSection
	GlobalSection(ProjectConfigurationPlatforms) = postSolution
		{80464159-D9B4-41CE-953E-1AD8F36E6B4D}.Debug|Any CPU.ActiveCfg = Debug|Any CPU
		{80464159-D9B4-41CE-953E-1AD8F36E6B4D}.Debug|Any CPU.Build.0 = Debug|Any CPU
		{80464159-D9B4-41CE-953E-1AD8F36E6B4D}.Debug|Any CPU.Deploy.0 = Debug|Any CPU
		{80464159-D9B4-41CE-953E-1AD8F36E6B4D}.Debug|iPhone.ActiveCfg = Debug|Any CPU
		{80464159-D9B4-41CE-953E-1AD8F36E6B4D}.Debug|iPhone.Build.0 = Debug|Any CPU
		{80464159-D9B4-41CE-953E-1AD8F36E6B4D}.Debug|iPhone.Deploy.0 = Debug|Any CPU
		{80464159-D9B4-41CE-953E-1AD8F36E6B4D}.Debug|iPhoneSimulator.ActiveCfg = Debug|Any CPU
		{80464159-D9B4-41CE-953E-1AD8F36E6B4D}.Debug|iPhoneSimulator.Build.0 = Debug|Any CPU
		{80464159-D9B4-41CE-953E-1AD8F36E6B4D}.Debug|iPhoneSimulator.Deploy.0 = Debug|Any CPU
		{80464159-D9B4-41CE-953E-1AD8F36E6B4D}.Release|Any CPU.ActiveCfg = Release|Any CPU
		{80464159-D9B4-41CE-953E-1AD8F36E6B4D}.Release|Any CPU.Build.0 = Release|Any CPU
		{80464159-D9B4-41CE-953E-1AD8F36E6B4D}.Release|Any CPU.Deploy.0 = Release|Any CPU
		{80464159-D9B4-41CE-953E-1AD8F36E6B4D}.Release|iPhone.ActiveCfg = Release|Any CPU
		{80464159-D9B4-41CE-953E-1AD8F36E6B4D}.Release|iPhone.Build.0 = Release|Any CPU
		{80464159-D9B4-41CE-953E-1AD8F36E6B4D}.Release|iPhone.Deploy.0 = Release|Any CPU
		{80464159-D9B4-41CE-953E-1AD8F36E6B4D}.Release|iPhoneSimulator.ActiveCfg = Release|Any CPU
		{80464159-D9B4-41CE-953E-1AD8F36E6B4D}.Release|iPhoneSimulator.Build.0 = Release|Any CPU
		{80464159-D9B4-41CE-953E-1AD8F36E6B4D}.Release|iPhoneSimulator.Deploy.0 = Release|Any CPU
		{D0283898-9013-4FD3-AD46-DE993CE5224C}.Debug|Any CPU.ActiveCfg = Debug|iPhone
		{D0283898-9013-4FD3-AD46-DE993CE5224C}.Debug|Any CPU.Build.0 = Debug|iPhone
		{D0283898-9013-4FD3-AD46-DE993CE5224C}.Debug|Any CPU.Deploy.0 = Debug|iPhone
		{D0283898-9013-4FD3-AD46-DE993CE5224C}.Debug|iPhone.ActiveCfg = Debug|iPhone
		{D0283898-9013-4FD3-AD46-DE993CE5224C}.Debug|iPhone.Build.0 = Debug|iPhone
		{D0283898-9013-4FD3-AD46-DE993CE5224C}.Debug|iPhone.Deploy.0 = Debug|iPhone
		{D0283898-9013-4FD3-AD46-DE993CE5224C}.Debug|iPhoneSimulator.ActiveCfg = Debug|iPhoneSimulator
		{D0283898-9013-4FD3-AD46-DE993CE5224C}.Debug|iPhoneSimulator.Build.0 = Debug|iPhoneSimulator
		{D0283898-9013-4FD3-AD46-DE993CE5224C}.Debug|iPhoneSimulator.Deploy.0 = Debug|iPhoneSimulator
		{D0283898-9013-4FD3-AD46-DE993CE5224C}.Release|Any CPU.ActiveCfg = Release|iPhoneSimulator
		{D0283898-9013-4FD3-AD46-DE993CE5224C}.Release|Any CPU.Build.0 = Release|iPhoneSimulator
		{D0283898-9013-4FD3-AD46-DE993CE5224C}.Release|Any CPU.Deploy.0 = Release|iPhoneSimulator
		{D0283898-9013-4FD3-AD46-DE993CE5224C}.Release|iPhone.ActiveCfg = Release|iPhone
		{D0283898-9013-4FD3-AD46-DE993CE5224C}.Release|iPhone.Build.0 = Release|iPhone
		{D0283898-9013-4FD3-AD46-DE993CE5224C}.Release|iPhone.Deploy.0 = Release|iPhone
		{D0283898-9013-4FD3-AD46-DE993CE5224C}.Release|iPhoneSimulator.ActiveCfg = Release|iPhoneSimulator
		{D0283898-9013-4FD3-AD46-DE993CE5224C}.Release|iPhoneSimulator.Build.0 = Release|iPhoneSimulator
		{D0283898-9013-4FD3-AD46-DE993CE5224C}.Release|iPhoneSimulator.Deploy.0 = Release|iPhoneSimulator
		{AE3A52C1-07D5-4D8E-A831-FD6A73266F85}.Debug|Any CPU.ActiveCfg = Debug|Any CPU
		{AE3A52C1-07D5-4D8E-A831-FD6A73266F85}.Debug|Any CPU.Build.0 = Debug|Any CPU
		{AE3A52C1-07D5-4D8E-A831-FD6A73266F85}.Debug|Any CPU.Deploy.0 = Debug|Any CPU
		{AE3A52C1-07D5-4D8E-A831-FD6A73266F85}.Debug|iPhone.ActiveCfg = Debug|Any CPU
		{AE3A52C1-07D5-4D8E-A831-FD6A73266F85}.Debug|iPhone.Build.0 = Debug|Any CPU
		{AE3A52C1-07D5-4D8E-A831-FD6A73266F85}.Debug|iPhone.Deploy.0 = Debug|Any CPU
		{AE3A52C1-07D5-4D8E-A831-FD6A73266F85}.Debug|iPhoneSimulator.ActiveCfg = Debug|Any CPU
		{AE3A52C1-07D5-4D8E-A831-FD6A73266F85}.Debug|iPhoneSimulator.Build.0 = Debug|Any CPU
		{AE3A52C1-07D5-4D8E-A831-FD6A73266F85}.Debug|iPhoneSimulator.Deploy.0 = Debug|Any CPU
		{AE3A52C1-07D5-4D8E-A831-FD6A73266F85}.Release|Any CPU.ActiveCfg = Release|Any CPU
		{AE3A52C1-07D5-4D8E-A831-FD6A73266F85}.Release|Any CPU.Build.0 = Release|Any CPU
		{AE3A52C1-07D5-4D8E-A831-FD6A73266F85}.Release|Any CPU.Deploy.0 = Release|Any CPU
		{AE3A52C1-07D5-4D8E-A831-FD6A73266F85}.Release|iPhone.ActiveCfg = Release|Any CPU
		{AE3A52C1-07D5-4D8E-A831-FD6A73266F85}.Release|iPhone.Build.0 = Release|Any CPU
		{AE3A52C1-07D5-4D8E-A831-FD6A73266F85}.Release|iPhone.Deploy.0 = Release|Any CPU
		{AE3A52C1-07D5-4D8E-A831-FD6A73266F85}.Release|iPhoneSimulator.ActiveCfg = Release|Any CPU
		{AE3A52C1-07D5-4D8E-A831-FD6A73266F85}.Release|iPhoneSimulator.Build.0 = Release|Any CPU
		{AE3A52C1-07D5-4D8E-A831-FD6A73266F85}.Release|iPhoneSimulator.Deploy.0 = Release|Any CPU
	EndGlobalSection
	GlobalSection(SolutionProperties) = preSolution
		HideSolutionNode = FALSE
	EndGlobalSection
	GlobalSection(ExtensibilityGlobals) = postSolution
		SolutionGuid = {327F4FEA-805C-424E-A3E2-E5F4DC087583}
	EndGlobalSection
EndGlobal
